
Microsoft Visual Studio Solution File, Format Version 12.00
Project("{FAE04EC0-301F-11D3-BF4B-00C04F79EFBC}") = "Bruh", "Bruh\Bruh.csproj", "{C46D7924-50CC-45A4-AC63-2F8C9CE291B6}"
EndProject
Global
	GlobalSection(SolutionConfigurationPlatforms) = preSolution
		Debug|Any CPU = Debug|Any CPU
		Release|Any CPU = Release|Any CPU
	EndGlobalSection
	GlobalSection(ProjectConfigurationPlatforms) = postSolution
		{C46D7924-50CC-45A4-AC63-2F8C9CE291B6}.Debug|Any CPU.ActiveCfg = Debug|Any CPU
		{C46D7924-50CC-45A4-AC63-2F8C9CE291B6}.Debug|Any CPU.Build.0 = Debug|Any CPU
		{C46D7924-50CC-45A4-AC63-2F8C9CE291B6}.Release|Any CPU.ActiveCfg = Release|Any CPU
		{C46D7924-50CC-45A4-AC63-2F8C9CE291B6}.Release|Any CPU.Build.0 = Release|Any CPU
	EndGlobalSection
EndGlobal
